
Microsoft Visual Studio Solution File, Format Version 12.00
# Visual Studio Version 16
VisualStudioVersion = 16.0.31424.327
MinimumVisualStudioVersion = 10.0.40219.1
Project("{FAE04EC0-301F-11D3-BF4B-00C04F79EFBC}") = "Mobile_DEVICE_Config.Android", "Mobile_DEVICE_Config\Mobile_DEVICE_Config.Android\Mobile_DEVICE_Config.Android.csproj", "{A6D9A971-14E1-4D53-99FE-D7C2C9E78563}"
EndProject
Project("{FAE04EC0-301F-11D3-BF4B-00C04F79EFBC}") = "Mobile_DEVICE_Config.iOS", "Mobile_DEVICE_Config\Mobile_DEVICE_Config.iOS\Mobile_DEVICE_Config.iOS.csproj", "{604C0309-D961-468A-8BCD-3F58C41B047B}"
EndProject
Project("{FAE04EC0-301F-11D3-BF4B-00C04F79EFBC}") = "Mobile_DEVICE_Config", "Mobile_DEVICE_Config\Mobile_DEVICE_Config\Mobile_DEVICE_Config.csproj", "{DE3D0567-DDAD-41C8-9DF2-5869A0AD79CE}"
EndProject
Global
	GlobalSection(SolutionConfigurationPlatforms) = preSolution
		Debug|Any CPU = Debug|Any CPU
		Debug|iPhone = Debug|iPhone
		Debug|iPhoneSimulator = Debug|iPhoneSimulator
		Release|Any CPU = Release|Any CPU
		Release|iPhone = Release|iPhone
		Release|iPhoneSimulator = Release|iPhoneSimulator
	EndGlobalSection
	GlobalSection(ProjectConfigurationPlatforms) = postSolution
		{A6D9A971-14E1-4D53-99FE-D7C2C9E78563}.Debug|Any CPU.ActiveCfg = Debug|Any CPU
		{A6D9A971-14E1-4D53-99FE-D7C2C9E78563}.Debug|Any CPU.Build.0 = Debug|Any CPU
		{A6D9A971-14E1-4D53-99FE-D7C2C9E78563}.Debug|Any CPU.Deploy.0 = Debug|Any CPU
		{A6D9A971-14E1-4D53-99FE-D7C2C9E78563}.Debug|iPhone.ActiveCfg = Debug|Any CPU
		{A6D9A971-14E1-4D53-99FE-D7C2C9E78563}.Debug|iPhone.Build.0 = Debug|Any CPU
		{A6D9A971-14E1-4D53-99FE-D7C2C9E78563}.Debug|iPhone.Deploy.0 = Debug|Any CPU
		{A6D9A971-14E1-4D53-99FE-D7C2C9E78563}.Debug|iPhoneSimulator.ActiveCfg = Debug|Any CPU
		{A6D9A971-14E1-4D53-99FE-D7C2C9E78563}.Debug|iPhoneSimulator.Build.0 = Debug|Any CPU
		{A6D9A971-14E1-4D53-99FE-D7C2C9E78563}.Debug|iPhoneSimulator.Deploy.0 = Debug|Any CPU
		{A6D9A971-14E1-4D53-99FE-D7C2C9E78563}.Release|Any CPU.ActiveCfg = Release|Any CPU
		{A6D9A971-14E1-4D53-99FE-D7C2C9E78563}.Release|Any CPU.Build.0 = Release|Any CPU
		{A6D9A971-14E1-4D53-99FE-D7C2C9E78563}.Release|Any CPU.Deploy.0 = Release|Any CPU
		{A6D9A971-14E1-4D53-99FE-D7C2C9E78563}.Release|iPhone.ActiveCfg = Release|Any CPU
		{A6D9A971-14E1-4D53-99FE-D7C2C9E78563}.Release|iPhone.Build.0 = Release|Any CPU
		{A6D9A971-14E1-4D53-99FE-D7C2C9E78563}.Release|iPhone.Deploy.0 = Release|Any CPU
		{A6D9A971-14E1-4D53-99FE-D7C2C9E78563}.Release|iPhoneSimulator.ActiveCfg = Release|Any CPU
		{A6D9A971-14E1-4D53-99FE-D7C2C9E78563}.Release|iPhoneSimulator.Build.0 = Release|Any CPU
		{A6D9A971-14E1-4D53-99FE-D7C2C9E78563}.Release|iPhoneSimulator.Deploy.0 = Release|Any CPU
		{604C0309-D961-468A-8BCD-3F58C41B047B}.Debug|Any CPU.ActiveCfg = Debug|iPhone
		{604C0309-D961-468A-8BCD-3F58C41B047B}.Debug|Any CPU.Build.0 = Debug|iPhone
		{604C0309-D961-468A-8BCD-3F58C41B047B}.Debug|Any CPU.Deploy.0 = Debug|iPhone
		{604C0309-D961-468A-8BCD-3F58C41B047B}.Debug|iPhone.ActiveCfg = Debug|iPhone
		{604C0309-D961-468A-8BCD-3F58C41B047B}.Debug|iPhone.Build.0 = Debug|iPhone
		{604C0309-D961-468A-8BCD-3F58C41B047B}.Debug|iPhone.Deploy.0 = Debug|iPhone
		{604C0309-D961-468A-8BCD-3F58C41B047B}.Debug|iPhoneSimulator.ActiveCfg = Debug|iPhoneSimulator
		{604C0309-D961-468A-8BCD-3F58C41B047B}.Debug|iPhoneSimulator.Build.0 = Debug|iPhoneSimulator
		{604C0309-D961-468A-8BCD-3F58C41B047B}.Debug|iPhoneSimulator.Deploy.0 = Debug|iPhoneSimulator
		{604C0309-D961-468A-8BCD-3F58C41B047B}.Release|Any CPU.ActiveCfg = Release|iPhoneSimulator
		{604C0309-D961-468A-8BCD-3F58C41B047B}.Release|Any CPU.Build.0 = Release|iPhoneSimulator
		{604C0309-D961-468A-8BCD-3F58C41B047B}.Release|Any CPU.Deploy.0 = Release|iPhoneSimulator
		{604C0309-D961-468A-8BCD-3F58C41B047B}.Release|iPhone.ActiveCfg = Release|iPhone
		{604C0309-D961-468A-8BCD-3F58C41B047B}.Release|iPhone.Build.0 = Release|iPhone
		{604C0309-D961-468A-8BCD-3F58C41B047B}.Release|iPhone.Deploy.0 = Release|iPhone
		{604C0309-D961-468A-8BCD-3F58C41B047B}.Release|iPhoneSimulator.ActiveCfg = Release|iPhoneSimulator
		{604C0309-D961-468A-8BCD-3F58C41B047B}.Release|iPhoneSimulator.Build.0 = Release|iPhoneSimulator
		{604C0309-D961-468A-8BCD-3F58C41B047B}.Release|iPhoneSimulator.Deploy.0 = Release|iPhoneSimulator
		{DE3D0567-DDAD-41C8-9DF2-5869A0AD79CE}.Debug|Any CPU.ActiveCfg = Debug|Any CPU
		{DE3D0567-DDAD-41C8-9DF2-5869A0AD79CE}.Debug|Any CPU.Build.0 = Debug|Any CPU
		{DE3D0567-DDAD-41C8-9DF2-5869A0AD79CE}.Debug|Any CPU.Deploy.0 = Debug|Any CPU
		{DE3D0567-DDAD-41C8-9DF2-5869A0AD79CE}.Debug|iPhone.ActiveCfg = Debug|Any CPU
		{DE3D0567-DDAD-41C8-9DF2-5869A0AD79CE}.Debug|iPhone.Build.0 = Debug|Any CPU
		{DE3D0567-DDAD-41C8-9DF2-5869A0AD79CE}.Debug|iPhone.Deploy.0 = Debug|Any CPU
		{DE3D0567-DDAD-41C8-9DF2-5869A0AD79CE}.Debug|iPhoneSimulator.ActiveCfg = Debug|Any CPU
		{DE3D0567-DDAD-41C8-9DF2-5869A0AD79CE}.Debug|iPhoneSimulator.Build.0 = Debug|Any CPU
		{DE3D0567-DDAD-41C8-9DF2-5869A0AD79CE}.Debug|iPhoneSimulator.Deploy.0 = Debug|Any CPU
		{DE3D0567-DDAD-41C8-9DF2-5869A0AD79CE}.Release|Any CPU.ActiveCfg = Release|Any CPU
		{DE3D0567-DDAD-41C8-9DF2-5869A0AD79CE}.Release|Any CPU.Build.0 = Release|Any CPU
		{DE3D0567-DDAD-41C8-9DF2-5869A0AD79CE}.Release|Any CPU.Deploy.0 = Release|Any CPU
		{DE3D0567-DDAD-41C8-9DF2-5869A0AD79CE}.Release|iPhone.ActiveCfg = Release|Any CPU
		{DE3D0567-DDAD-41C8-9DF2-5869A0AD79CE}.Release|iPhone.Build.0 = Release|Any CPU
		{DE3D0567-DDAD-41C8-9DF2-5869A0AD79CE}.Release|iPhone.Deploy.0 = Release|Any CPU
		{DE3D0567-DDAD-41C8-9DF2-5869A0AD79CE}.Release|iPhoneSimulator.ActiveCfg = Release|Any CPU
		{DE3D0567-DDAD-41C8-9DF2-5869A0AD79CE}.Release|iPhoneSimulator.Build.0 = Release|Any CPU
		{DE3D0567-DDAD-41C8-9DF2-5869A0AD79CE}.Release|iPhoneSimulator.Deploy.0 = Release|Any CPU
	EndGlobalSection
	GlobalSection(SolutionProperties) = preSolution
		HideSolutionNode = FALSE
	EndGlobalSection
	GlobalSection(ExtensibilityGlobals) = postSolution
		SolutionGuid = {BAE9005A-F34E-4AA9-850C-769F19AC6345}
	EndGlobalSection
EndGlobal
